
Microsoft Visual Studio Solution File, Format Version 12.00
# Visual Studio Version 17
VisualStudioVersion = 17.9.34728.123
MinimumVisualStudioVersion = 10.0.40219.1
Project("{8BC9CEB8-8B4A-11D0-8D11-00A0C91BC942}") = "control_styles", "control_styles.vcxproj", "{EE124CE3-29D7-45D8-8170-90E8AC5AE92C}"
EndProject
Project("{8BC9CEB8-8B4A-11D0-8D11-00A0C91BC942}") = "test_1", "test_1.vcxproj", "{93F77098-81A5-4042-AED1-046319E99DCE}"
EndProject
Project("{8BC9CEB8-8B4A-11D0-8D11-00A0C91BC942}") = "test_2", "test_2.vcxproj", "{CDF01013-FFF3-428F-B5D4-8DA703B2D04A}"
EndProject
Project("{8BC9CEB8-8B4A-11D0-8D11-00A0C91BC942}") = "test_3", "test_3.vcxproj", "{13197DD3-2817-4E44-985B-1196F6E88A35}"
EndProject
Project("{8BC9CEB8-8B4A-11D0-8D11-00A0C91BC942}") = "test_4", "test_4.vcxproj", "{08F0E499-6AE1-472C-A53C-2E40AA7333CE}"
EndProject
Project("{8BC9CEB8-8B4A-11D0-8D11-00A0C91BC942}") = "test_5", "test_5.vcxproj", "{408688EE-3FC5-421A-A3D7-80E001B1B70C}"
EndProject
Project("{8BC9CEB8-8B4A-11D0-8D11-00A0C91BC942}") = "test_6", "test_6.vcxproj", "{94441EAA-CF7E-40E2-9711-8D151E14C8AC}"
EndProject
Project("{8BC9CEB8-8B4A-11D0-8D11-00A0C91BC942}") = "test_7", "test_7.vcxproj", "{ED9316C7-86A4-4487-AF47-68E35FBAD8EB}"
EndProject
Project("{8BC9CEB8-8B4A-11D0-8D11-00A0C91BC942}") = "test_8", "test_8.vcxproj", "{96B7B2EA-F6E4-4E87-B4D8-E493C21BB3A0}"
EndProject
Project("{8BC9CEB8-8B4A-11D0-8D11-00A0C91BC942}") = "test_9", "test_9.vcxproj", "{3D843C13-817E-4025-A380-97C8298BE6CE}"
EndProject
Project("{8BC9CEB8-8B4A-11D0-8D11-00A0C91BC942}") = "test_10", "test_10.vcxproj", "{12717CDA-B7D5-448E-B5C4-D6A916785BE0}"
EndProject
Global
	GlobalSection(SolutionConfigurationPlatforms) = preSolution
		Debug|x64 = Debug|x64
		Debug|x86 = Debug|x86
		Release|x64 = Release|x64
		Release|x86 = Release|x86
	EndGlobalSection
	GlobalSection(ProjectConfigurationPlatforms) = postSolution
		{EE124CE3-29D7-45D8-8170-90E8AC5AE92C}.Debug|x64.ActiveCfg = Debug|x64
		{EE124CE3-29D7-45D8-8170-90E8AC5AE92C}.Debug|x64.Build.0 = Debug|x64
		{EE124CE3-29D7-45D8-8170-90E8AC5AE92C}.Debug|x86.ActiveCfg = Debug|Win32
		{EE124CE3-29D7-45D8-8170-90E8AC5AE92C}.Debug|x86.Build.0 = Debug|Win32
		{EE124CE3-29D7-45D8-8170-90E8AC5AE92C}.Release|x64.ActiveCfg = Release|x64
		{EE124CE3-29D7-45D8-8170-90E8AC5AE92C}.Release|x64.Build.0 = Release|x64
		{EE124CE3-29D7-45D8-8170-90E8AC5AE92C}.Release|x86.ActiveCfg = Release|Win32
		{EE124CE3-29D7-45D8-8170-90E8AC5AE92C}.Release|x86.Build.0 = Release|Win32
		{93F77098-81A5-4042-AED1-046319E99DCE}.Debug|x64.ActiveCfg = Debug|x64
		{93F77098-81A5-4042-AED1-046319E99DCE}.Debug|x64.Build.0 = Debug|x64
		{93F77098-81A5-4042-AED1-046319E99DCE}.Debug|x86.ActiveCfg = Debug|Win32
		{93F77098-81A5-4042-AED1-046319E99DCE}.Debug|x86.Build.0 = Debug|Win32
		{93F77098-81A5-4042-AED1-046319E99DCE}.Release|x64.ActiveCfg = Release|x64
		{93F77098-81A5-4042-AED1-046319E99DCE}.Release|x64.Build.0 = Release|x64
		{93F77098-81A5-4042-AED1-046319E99DCE}.Release|x86.ActiveCfg = Release|Win32
		{93F77098-81A5-4042-AED1-046319E99DCE}.Release|x86.Build.0 = Release|Win32
		{CDF01013-FFF3-428F-B5D4-8DA703B2D04A}.Debug|x64.ActiveCfg = Debug|x64
		{CDF01013-FFF3-428F-B5D4-8DA703B2D04A}.Debug|x64.Build.0 = Debug|x64
		{CDF01013-FFF3-428F-B5D4-8DA703B2D04A}.Debug|x86.ActiveCfg = Debug|Win32
		{CDF01013-FFF3-428F-B5D4-8DA703B2D04A}.Debug|x86.Build.0 = Debug|Win32
		{CDF01013-FFF3-428F-B5D4-8DA703B2D04A}.Release|x64.ActiveCfg = Release|x64
		{CDF01013-FFF3-428F-B5D4-8DA703B2D04A}.Release|x64.Build.0 = Release|x64
		{CDF01013-FFF3-428F-B5D4-8DA703B2D04A}.Release|x86.ActiveCfg = Release|Win32
		{CDF01013-FFF3-428F-B5D4-8DA703B2D04A}.Release|x86.Build.0 = Release|Win32
		{13197DD3-2817-4E44-985B-1196F6E88A35}.Debug|x64.ActiveCfg = Debug|x64
		{13197DD3-2817-4E44-985B-1196F6E88A35}.Debug|x64.Build.0 = Debug|x64
		{13197DD3-2817-4E44-985B-1196F6E88A35}.Debug|x86.ActiveCfg = Debug|Win32
		{13197DD3-2817-4E44-985B-1196F6E88A35}.Debug|x86.Build.0 = Debug|Win32
		{13197DD3-2817-4E44-985B-1196F6E88A35}.Release|x64.ActiveCfg = Release|x64
		{13197DD3-2817-4E44-985B-1196F6E88A35}.Release|x64.Build.0 = Release|x64
		{13197DD3-2817-4E44-985B-1196F6E88A35}.Release|x86.ActiveCfg = Release|Win32
		{13197DD3-2817-4E44-985B-1196F6E88A35}.Release|x86.Build.0 = Release|Win32
		{08F0E499-6AE1-472C-A53C-2E40AA7333CE}.Debug|x64.ActiveCfg = Debug|x64
		{08F0E499-6AE1-472C-A53C-2E40AA7333CE}.Debug|x64.Build.0 = Debug|x64
		{08F0E499-6AE1-472C-A53C-2E40AA7333CE}.Debug|x86.ActiveCfg = Debug|Win32
		{08F0E499-6AE1-472C-A53C-2E40AA7333CE}.Debug|x86.Build.0 = Debug|Win32
		{08F0E499-6AE1-472C-A53C-2E40AA7333CE}.Release|x64.ActiveCfg = Release|x64
		{08F0E499-6AE1-472C-A53C-2E40AA7333CE}.Release|x64.Build.0 = Release|x64
		{08F0E499-6AE1-472C-A53C-2E40AA7333CE}.Release|x86.ActiveCfg = Release|Win32
		{08F0E499-6AE1-472C-A53C-2E40AA7333CE}.Release|x86.Build.0 = Release|Win32
		{408688EE-3FC5-421A-A3D7-80E001B1B70C}.Debug|x64.ActiveCfg = Debug|x64
		{408688EE-3FC5-421A-A3D7-80E001B1B70C}.Debug|x64.Build.0 = Debug|x64
		{408688EE-3FC5-421A-A3D7-80E001B1B70C}.Debug|x86.ActiveCfg = Debug|Win32
		{408688EE-3FC5-421A-A3D7-80E001B1B70C}.Debug|x86.Build.0 = Debug|Win32
		{408688EE-3FC5-421A-A3D7-80E001B1B70C}.Release|x64.ActiveCfg = Release|x64
		{408688EE-3FC5-421A-A3D7-80E001B1B70C}.Release|x64.Build.0 = Release|x64
		{408688EE-3FC5-421A-A3D7-80E001B1B70C}.Release|x86.ActiveCfg = Release|Win32
		{408688EE-3FC5-421A-A3D7-80E001B1B70C}.Release|x86.Build.0 = Release|Win32
		{94441EAA-CF7E-40E2-9711-8D151E14C8AC}.Debug|x64.ActiveCfg = Debug|x64
		{94441EAA-CF7E-40E2-9711-8D151E14C8AC}.Debug|x64.Build.0 = Debug|x64
		{94441EAA-CF7E-40E2-9711-8D151E14C8AC}.Debug|x86.ActiveCfg = Debug|Win32
		{94441EAA-CF7E-40E2-9711-8D151E14C8AC}.Debug|x86.Build.0 = Debug|Win32
		{94441EAA-CF7E-40E2-9711-8D151E14C8AC}.Release|x64.ActiveCfg = Release|x64
		{94441EAA-CF7E-40E2-9711-8D151E14C8AC}.Release|x64.Build.0 = Release|x64
		{94441EAA-CF7E-40E2-9711-8D151E14C8AC}.Release|x86.ActiveCfg = Release|Win32
		{94441EAA-CF7E-40E2-9711-8D151E14C8AC}.Release|x86.Build.0 = Release|Win32
		{ED9316C7-86A4-4487-AF47-68E35FBAD8EB}.Debug|x64.ActiveCfg = Debug|x64
		{ED9316C7-86A4-4487-AF47-68E35FBAD8EB}.Debug|x64.Build.0 = Debug|x64
		{ED9316C7-86A4-4487-AF47-68E35FBAD8EB}.Debug|x86.ActiveCfg = Debug|Win32
		{ED9316C7-86A4-4487-AF47-68E35FBAD8EB}.Debug|x86.Build.0 = Debug|Win32
		{ED9316C7-86A4-4487-AF47-68E35FBAD8EB}.Release|x64.ActiveCfg = Release|x64
		{ED9316C7-86A4-4487-AF47-68E35FBAD8EB}.Release|x64.Build.0 = Release|x64
		{ED9316C7-86A4-4487-AF47-68E35FBAD8EB}.Release|x86.ActiveCfg = Release|Win32
		{ED9316C7-86A4-4487-AF47-68E35FBAD8EB}.Release|x86.Build.0 = Release|Win32
		{96B7B2EA-F6E4-4E87-B4D8-E493C21BB3A0}.Debug|x64.ActiveCfg = Debug|x64
		{96B7B2EA-F6E4-4E87-B4D8-E493C21BB3A0}.Debug|x64.Build.0 = Debug|x64
		{96B7B2EA-F6E4-4E87-B4D8-E493C21BB3A0}.Debug|x86.ActiveCfg = Debug|Win32
		{96B7B2EA-F6E4-4E87-B4D8-E493C21BB3A0}.Debug|x86.Build.0 = Debug|Win32
		{96B7B2EA-F6E4-4E87-B4D8-E493C21BB3A0}.Release|x64.ActiveCfg = Release|x64
		{96B7B2EA-F6E4-4E87-B4D8-E493C21BB3A0}.Release|x64.Build.0 = Release|x64
		{96B7B2EA-F6E4-4E87-B4D8-E493C21BB3A0}.Release|x86.ActiveCfg = Release|Win32
		{96B7B2EA-F6E4-4E87-B4D8-E493C21BB3A0}.Release|x86.Build.0 = Release|Win32
		{3D843C13-817E-4025-A380-97C8298BE6CE}.Debug|x64.ActiveCfg = Debug|x64
		{3D843C13-817E-4025-A380-97C8298BE6CE}.Debug|x64.Build.0 = Debug|x64
		{3D843C13-817E-4025-A380-97C8298BE6CE}.Debug|x86.ActiveCfg = Debug|Win32
		{3D843C13-817E-4025-A380-97C8298BE6CE}.Debug|x86.Build.0 = Debug|Win32
		{3D843C13-817E-4025-A380-97C8298BE6CE}.Release|x64.ActiveCfg = Release|x64
		{3D843C13-817E-4025-A380-97C8298BE6CE}.Release|x64.Build.0 = Release|x64
		{3D843C13-817E-4025-A380-97C8298BE6CE}.Release|x86.ActiveCfg = Release|Win32
		{3D843C13-817E-4025-A380-97C8298BE6CE}.Release|x86.Build.0 = Release|Win32
		{12717CDA-B7D5-448E-B5C4-D6A916785BE0}.Debug|x64.ActiveCfg = Debug|x64
		{12717CDA-B7D5-448E-B5C4-D6A916785BE0}.Debug|x64.Build.0 = Debug|x64
		{12717CDA-B7D5-448E-B5C4-D6A916785BE0}.Debug|x86.ActiveCfg = Debug|Win32
		{12717CDA-B7D5-448E-B5C4-D6A916785BE0}.Debug|x86.Build.0 = Debug|Win32
		{12717CDA-B7D5-448E-B5C4-D6A916785BE0}.Release|x64.ActiveCfg = Release|x64
		{12717CDA-B7D5-448E-B5C4-D6A916785BE0}.Release|x64.Build.0 = Release|x64
		{12717CDA-B7D5-448E-B5C4-D6A916785BE0}.Release|x86.ActiveCfg = Release|Win32
		{12717CDA-B7D5-448E-B5C4-D6A916785BE0}.Release|x86.Build.0 = Release|Win32
	EndGlobalSection
	GlobalSection(SolutionProperties) = preSolution
		HideSolutionNode = FALSE
	EndGlobalSection
	GlobalSection(ExtensibilityGlobals) = postSolution
		SolutionGuid = {0720F863-F2BD-481C-9413-E0FF0184B866}
	EndGlobalSection
EndGlobal
